dependencies:
- name: jaeger-operator
  repository: https://jaegertracing.github.io/helm-charts
  version: 2.23.0
- name: nats
  repository: https://charts.bitnami.com/bitnami
  version: 6.4.2
- name: postgresql
  repository: https://charts.bitnami.com/bitnami
  version: 10.9.1
- name: postgresql
  repository: https://charts.bitnami.com/bitnami
  version: 10.9.1
- name: postgresql
  repository: https://charts.bitnami.com/bitnami
  version: 10.9.1
- name: postgresql
  repository: https://charts.bitnami.com/bitnami
  version: 10.9.1
- name: postgresql
  repository: https://charts.bitnami.com/bitnami
  version: 10.9.1
- name: postgresql
  repository: https://charts.bitnami.com/bitnami
  version: 10.9.1
- name: redis
  repository: https://charts.bitnami.com/bitnami
  version: 14.8.8
- name: redis
  repository: https://charts.bitnami.com/bitnami
  version: 14.8.8
- name: redis
  repository: https://charts.bitnami.com/bitnami
  version: 14.8.8
digest: sha256:0757bc4dd1a0398947fcd6ec3287e3e162273769e724378ce2dc25881876469e
generated: "2021-09-03T12:24:22.687884-04:00"
